<?xml version="1.0" encoding="UTF-8" standalone="yes" ?>
<CodeBlocks_project_file>
	<FileVersion major="1" minor="6" />
	<Project>
		<Option title="DataParser" />
		<Option pch_mode="2" />
		<Option compiler="gcc" />
		<Option virtualFolders="C\;C\Tools\;C\DataFile\;C\DataReader\;C\DataSettings\;C\Data\;C\GameData\;C\GameData\LogData\;" />
		<Build>
			<Target title="Debug">
				<Option output="bin/Debug/DataParser" prefix_auto="1" extension_auto="1" />
				<Option object_output="obj/Debug/" />
				<Option type="1" />
				<Option compiler="gcc" />
				<Compiler>
					<Add option="-g" />
				</Compiler>
			</Target>
			<Target title="Release">
				<Option output="bin/Release/DataParser" prefix_auto="1" extension_auto="1" />
				<Option object_output="obj/Release/" />
				<Option type="1" />
				<Option compiler="gcc" />
				<Compiler>
					<Add option="-O2" />
				</Compiler>
				<Linker>
					<Add option="-s" />
				</Linker>
			</Target>
		</Build>
		<Compiler>
			<Add option="-Wall" />
			<Add option="-fexceptions" />
		</Compiler>
		<Unit filename="Data.cpp">
			<Option virtualFolder="C/Data/" />
		</Unit>
		<Unit filename="Data.h">
			<Option virtualFolder="C/Data/" />
		</Unit>
		<Unit filename="DataFile.cpp">
			<Option virtualFolder="C/DataFile/" />
		</Unit>
		<Unit filename="DataFile.h">
			<Option virtualFolder="C/DataFile/" />
		</Unit>
		<Unit filename="DataReader.cpp">
			<Option virtualFolder="C/DataReader/" />
		</Unit>
		<Unit filename="DataReader.h">
			<Option virtualFolder="C/DataReader/" />
		</Unit>
		<Unit filename="DataReader_CalcExtraData.cpp">
			<Option virtualFolder="C/DataReader/" />
		</Unit>
		<Unit filename="DataReader_GameDir.cpp">
			<Option compilerVar="CC" />
			<Option virtualFolder="C/DataReader/" />
		</Unit>
		<Unit filename="DataReader_ReadSettings.cpp">
			<Option virtualFolder="C/DataReader/" />
		</Unit>
		<Unit filename="DataReader_WriteSeparate.cpp">
			<Option virtualFolder="C/DataReader/" />
		</Unit>
		<Unit filename="DataReader_Writer.cpp">
			<Option virtualFolder="C/DataReader/" />
		</Unit>
		<Unit filename="DataSettings.cpp">
			<Option virtualFolder="C/DataSettings/" />
		</Unit>
		<Unit filename="DataSettings.h">
			<Option virtualFolder="C/DataSettings/" />
		</Unit>
		<Unit filename="GList.h">
			<Option virtualFolder="C/Tools/" />
		</Unit>
		<Unit filename="GMap.h">
			<Option virtualFolder="C/Tools/" />
		</Unit>
		<Unit filename="GameData.cpp">
			<Option virtualFolder="C/GameData/" />
		</Unit>
		<Unit filename="GameData.h">
			<Option virtualFolder="C/GameData/" />
		</Unit>
		<Unit filename="KReader.h">
			<Option virtualFolder="C/Tools/" />
		</Unit>
		<Unit filename="KString.h">
			<Option virtualFolder="C/Tools/" />
		</Unit>
		<Unit filename="KTime.h">
			<Option virtualFolder="C/Tools/" />
		</Unit>
		<Unit filename="KWriter.h">
			<Option virtualFolder="C/Tools/" />
		</Unit>
		<Unit filename="main.cpp">
			<Option virtualFolder="C/" />
		</Unit>
		<Unit filename="main.h">
			<Option virtualFolder="C/" />
		</Unit>
		<Extensions>
			<code_completion />
			<envvars />
			<debugger />
			<lib_finder disable_auto="1" />
		</Extensions>
	</Project>
</CodeBlocks_project_file>
